
Microsoft Visual Studio Solution File, Format Version 12.00
# Visual Studio Version 16
VisualStudioVersion = 16.0.33927.289
MinimumVisualStudioVersion = 10.0.40219.1
Project("{FAE04EC0-301F-11D3-BF4B-00C04F79EFBC}") = "DoAn.Net", "DoAn.Net\DoAn.Net.csproj", "{CA87D547-2251-4811-A54D-0F3097DA1C28}"
EndProject
Global
	GlobalSection(SolutionConfigurationPlatforms) = preSolution
		Debug|Any CPU = Debug|Any CPU
		Release|Any CPU = Release|Any CPU
	EndGlobalSection
	GlobalSection(ProjectConfigurationPlatforms) = postSolution
		{CA87D547-2251-4811-A54D-0F3097DA1C28}.Debug|Any CPU.ActiveCfg = Debug|Any CPU
		{CA87D547-2251-4811-A54D-0F3097DA1C28}.Debug|Any CPU.Build.0 = Debug|Any CPU
		{CA87D547-2251-4811-A54D-0F3097DA1C28}.Release|Any CPU.ActiveCfg = Release|Any CPU
		{CA87D547-2251-4811-A54D-0F3097DA1C28}.Release|Any CPU.Build.0 = Release|Any CPU
	EndGlobalSection
	GlobalSection(SolutionProperties) = preSolution
		HideSolutionNode = FALSE
	EndGlobalSection
	GlobalSection(ExtensibilityGlobals) = postSolution
		SolutionGuid = {673CBC78-A786-4AB3-B1AD-A92C549E50C2}
	EndGlobalSection
EndGlobal
